
Microsoft Visual Studio Solution File, Format Version 12.00
# Visual Studio Version 16
VisualStudioVersion = 16.0.32228.343
MinimumVisualStudioVersion = 10.0.40219.1
Project("{FAE04EC0-301F-11D3-BF4B-00C04F79EFBC}") = "Cancelacion de Task", "Cancelacion de Task\Cancelacion de Task.csproj", "{0FA907AB-3573-48B6-A7DC-B0C32E0AECE6}"
EndProject
Global
	GlobalSection(SolutionConfigurationPlatforms) = preSolution
		Debug|Any CPU = Debug|Any CPU
		Release|Any CPU = Release|Any CPU
	EndGlobalSection
	GlobalSection(ProjectConfigurationPlatforms) = postSolution
		{0FA907AB-3573-48B6-A7DC-B0C32E0AECE6}.Debug|Any CPU.ActiveCfg = Debug|Any CPU
		{0FA907AB-3573-48B6-A7DC-B0C32E0AECE6}.Debug|Any CPU.Build.0 = Debug|Any CPU
		{0FA907AB-3573-48B6-A7DC-B0C32E0AECE6}.Release|Any CPU.ActiveCfg = Release|Any CPU
		{0FA907AB-3573-48B6-A7DC-B0C32E0AECE6}.Release|Any CPU.Build.0 = Release|Any CPU
	EndGlobalSection
	GlobalSection(SolutionProperties) = preSolution
		HideSolutionNode = FALSE
	EndGlobalSection
	GlobalSection(ExtensibilityGlobals) = postSolution
		SolutionGuid = {51A00451-8B66-435A-B35C-91F105CE5A67}
	EndGlobalSection
EndGlobal
